
Microsoft Visual Studio Solution File, Format Version 12.00
# Visual Studio Version 17
VisualStudioVersion = 17.14.36221.1
MinimumVisualStudioVersion = 10.0.40219.1
Project("{FAE04EC0-301F-11D3-BF4B-00C04F79EFBC}") = "ShcoolGraphQL", "ShcoolGraphQL\ShcoolGraphQL.csproj", "{4CE88FDA-63C2-402A-B67A-9B5F484B7B7E}"
EndProject
Project("{FAE04EC0-301F-11D3-BF4B-00C04F79EFBC}") = "SchoolGraphQL.Entities", "SchoolGraphQL.Entities\SchoolGraphQL.Entities.csproj", "{4A8E44A9-2D92-47BB-A863-D36BBA9F1836}"
EndProject
Project("{FAE04EC0-301F-11D3-BF4B-00C04F79EFBC}") = "SchoolGraphQL.DataAccess", "SchoolGraphQL.DataAccess\SchoolGraphQL.DataAccess.csproj", "{D5A24FD8-06FA-487D-B9A9-31E2E1036578}"
EndProject
Global
	GlobalSection(SolutionConfigurationPlatforms) = preSolution
		Debug|Any CPU = Debug|Any CPU
		Release|Any CPU = Release|Any CPU
	EndGlobalSection
	GlobalSection(ProjectConfigurationPlatforms) = postSolution
		{4CE88FDA-63C2-402A-B67A-9B5F484B7B7E}.Debug|Any CPU.ActiveCfg = Debug|Any CPU
		{4CE88FDA-63C2-402A-B67A-9B5F484B7B7E}.Debug|Any CPU.Build.0 = Debug|Any CPU
		{4CE88FDA-63C2-402A-B67A-9B5F484B7B7E}.Release|Any CPU.ActiveCfg = Release|Any CPU
		{4CE88FDA-63C2-402A-B67A-9B5F484B7B7E}.Release|Any CPU.Build.0 = Release|Any CPU
		{4A8E44A9-2D92-47BB-A863-D36BBA9F1836}.Debug|Any CPU.ActiveCfg = Debug|Any CPU
		{4A8E44A9-2D92-47BB-A863-D36BBA9F1836}.Debug|Any CPU.Build.0 = Debug|Any CPU
		{4A8E44A9-2D92-47BB-A863-D36BBA9F1836}.Release|Any CPU.ActiveCfg = Release|Any CPU
		{4A8E44A9-2D92-47BB-A863-D36BBA9F1836}.Release|Any CPU.Build.0 = Release|Any CPU
		{D5A24FD8-06FA-487D-B9A9-31E2E1036578}.Debug|Any CPU.ActiveCfg = Debug|Any CPU
		{D5A24FD8-06FA-487D-B9A9-31E2E1036578}.Debug|Any CPU.Build.0 = Debug|Any CPU
		{D5A24FD8-06FA-487D-B9A9-31E2E1036578}.Release|Any CPU.ActiveCfg = Release|Any CPU
		{D5A24FD8-06FA-487D-B9A9-31E2E1036578}.Release|Any CPU.Build.0 = Release|Any CPU
	EndGlobalSection
	GlobalSection(SolutionProperties) = preSolution
		HideSolutionNode = FALSE
	EndGlobalSection
	GlobalSection(ExtensibilityGlobals) = postSolution
		SolutionGuid = {72660012-87D6-4BC6-9760-22AA312654D9}
	EndGlobalSection
EndGlobal
